github.com/dustin/go-humanize v1.0.0 h1:VSnTsYCnlFHaM2/igO1h6X3HA71jcobQuxemgkq4zYo=
github.com/dustin/go-humanize v1.0.0/go.mod h1:HtrtbFcZ19U5GC7JDqmcUSB87Iq5E25KnS6fMYU6eOk=
github.com/gorilla/websocket v1.5.0 h1:PPwGk2jz7EePpoHN/+ClbZu8SPxiqlu12wZP/3sWmnc=
github.com/gorilla/websocket v1.5.0/go.mod h1:YR8l580nyteQvAITg2hZ9XVh4b55+EU/adAjf1fMHhE=
github.com/liushuochen/gotable v0.0.0-20220402112704-80b43cc0b390 h1:0kaXPlVlEjEHZN1rLedym6Ipaff7IfG5Pkk9TbHYaEI=
github.com/liushuochen/gotable v0.0.0-20220402112704-80b43cc0b390/go.mod h1:CxUy8nDvutaC1pOfaG9TRoYwdHHqoNstSPPKhomC9k8=
